
Microsoft Visual Studio Solution File, Format Version 12.00
# Visual Studio Version 17
VisualStudioVersion = 17.5.33424.131
MinimumVisualStudioVersion = 10.0.40219.1
Project("{FAE04EC0-301F-11D3-BF4B-00C04F79EFBC}") = "Web_C#", "Web_C#\Web_C#.csproj", "{08562BA0-8B55-4896-9CA1-2DAB652C2270}"
EndProject
Global
	GlobalSection(SolutionConfigurationPlatforms) = preSolution
		Debug|Any CPU = Debug|Any CPU
		Release|Any CPU = Release|Any CPU
	EndGlobalSection
	GlobalSection(ProjectConfigurationPlatforms) = postSolution
		{08562BA0-8B55-4896-9CA1-2DAB652C2270}.Debug|Any CPU.ActiveCfg = Debug|Any CPU
		{08562BA0-8B55-4896-9CA1-2DAB652C2270}.Debug|Any CPU.Build.0 = Debug|Any CPU
		{08562BA0-8B55-4896-9CA1-2DAB652C2270}.Release|Any CPU.ActiveCfg = Release|Any CPU
		{08562BA0-8B55-4896-9CA1-2DAB652C2270}.Release|Any CPU.Build.0 = Release|Any CPU
	EndGlobalSection
	GlobalSection(SolutionProperties) = preSolution
		HideSolutionNode = FALSE
	EndGlobalSection
	GlobalSection(ExtensibilityGlobals) = postSolution
		SolutionGuid = {C03D037A-48FC-4F0C-9BFA-C317E37BAAF4}
	EndGlobalSection
EndGlobal
